<?xml version="1.0" encoding="utf-8"?>
<Project ToolsVersion="4.0" xmlns="http://schemas.microsoft.com/developer/msbuild/2003">
  <ItemGroup>
    <Filter Include="Source Files">
      <UniqueIdentifier>{4FC737F1-C7A5-4376-A066-2A32D752A2FF}</UniqueIdentifier>
      <Extensions>cpp;c;cc;cxx;def;odl;idl;hpj;bat;asm;asmx</Extensions>
    </Filter>
    <Filter Include="Header Files">
      <UniqueIdentifier>{93995380-89BD-4b04-88EB-625FBE52EBFB}</UniqueIdentifier>
      <Extensions>h;hh;hpp;hxx;hm;inl;inc;ipp;xsd</Extensions>
    </Filter>
    <Filter Include="Resource Files">
      <UniqueIdentifier>{67DA6AB6-F800-4c08-8B7A-83BB121AAD01}</UniqueIdentifier>
      <Extensions>rc;ico;cur;bmp;dlg;rc2;rct;bin;rgs;gif;jpg;jpeg;jpe;resx;tiff;tif;png;wav;mfcribbon-ms</Extensions>
    </Filter>
  </ItemGroup>
  <ItemGroup>
    <ClCompile Include="src\Game.cpp">
      <Filter>Source Files</Filter>
    </ClCompile>
    <ClCompile Include="src\Pong.cpp">
      <Filter>Source Files</Filter>
    </ClCompile>
    <ClCompile Include="src\Core\ObjectsModule\Object.cpp">
      <Filter>Source Files</Filter>
    </ClCompile>
    <ClCompile Include="src\Core\ObjectsModule\ObjectFactory.cpp">
      <Filter>Source Files</Filter>
    </ClCompile>
    <ClCompile Include="src\Core\ObjectsModule\ObjectsContainer.cpp">
      <Filter>Source Files</Filter>
    </ClCompile>
    <ClCompile Include="src\Core\ObjectsModule\TransformableObject.cpp">
      <Filter>Source Files</Filter>
    </ClCompile>
    <ClCompile Include="src\Core\Delegates\Delegates.ixx" />
    <ClCompile Include="src\Core\DIContainer\DIContainer.ixx" />
    <ClCompile Include="src\Core\DIContainer\IInstaller.ixx" />
    <ClCompile Include="src\Core\Delegates\Action.ixx" />
    <ClCompile Include="src\Core\Delegates\Delegate.ixx" />
    <ClCompile Include="src\Core\Delegates\Event.ixx" />
    <ClCompile Include="src\Core\DIContainer\Container.cpp">
      <Filter>Source Files</Filter>
    </ClCompile>
    <ClCompile Include="src\Core\DIContainer\Container.ixx" />
    <ClCompile Include="src\Core\DIContainer\IInitializable.ixx" />
    <ClCompile Include="src\Core\DIContainer\IUpdatable.ixx" />
    <ClCompile Include="src\Core\ObjectsModule\Object.ixx" />
    <ClCompile Include="src\Core\ObjectsModule\ObjectFactory.ixx" />
    <ClCompile Include="src\Core\ObjectsModule\ObjectsContainer.ixx" />
    <ClCompile Include="src\Core\ObjectsModule\ObjectsModule.ixx" />
    <ClCompile Include="src\Core\ObjectsModule\TransformableObject.ixx" />
    <ClCompile Include="src\Game.ixx" />
    <ClCompile Include="src\Core\WindowEvents\WindowEventHandler.ixx" />
    <ClCompile Include="src\Core\WindowEvents\WindowEventHandler.cpp">
      <Filter>Source Files</Filter>
    </ClCompile>
    <ClCompile Include="src\Core\DebugModule\DebugModuleInstaller.cpp">
      <Filter>Source Files</Filter>
    </ClCompile>
    <ClCompile Include="src\Core\DebugModule\FPSCounter.cpp">
      <Filter>Source Files</Filter>
    </ClCompile>
    <ClCompile Include="src\Core\DIContainer\ContainerType.ixx" />
    <ClCompile Include="src\Core\GameInterfaceModule\FontsProvider.cpp">
      <Filter>Source Files</Filter>
    </ClCompile>
    <ClCompile Include="src\Core\GameInterfaceModule\GameInterface.cpp">
      <Filter>Source Files</Filter>
    </ClCompile>
    <ClCompile Include="src\Core\GameInterfaceModule\GameInterfaceModuleInstaller.cpp">
      <Filter>Source Files</Filter>
    </ClCompile>
    <ClCompile Include="src\Core\GameInterfaceModule\UIObject.cpp">
      <Filter>Source Files</Filter>
    </ClCompile>
    <ClCompile Include="src\Core\InputModule\InputManegement.ixx" />
    <ClCompile Include="src\Core\ResourceLoadingModule\ResourceManagement.ixx" />
    <ClCompile Include="src\Core\ResourceLoadingModule\ResourceManagementInstaller.cpp">
      <Filter>Source Files</Filter>
    </ClCompile>
    <ClCompile Include="src\Core\ResourceLoadingModule\ResourceManagementInstaller.ixx" />
    <ClCompile Include="src\Core\ResourceLoadingModule\TextureContainer.cpp">
      <Filter>Source Files</Filter>
    </ClCompile>
    <ClCompile Include="src\Core\WindowSequence\WindowSequenceService.cpp">
      <Filter>Source Files</Filter>
    </ClCompile>
    <ClCompile Include="src\Core\WindowSequence\WindowSequenceService.ixx" />
    <ClCompile Include="src\GlobalInstaller.cpp">
      <Filter>Source Files</Filter>
    </ClCompile>
    <ClCompile Include="src\GlobalInstaller.ixx" />
    <ClCompile Include="src\Core\GameInterfaceModule\Button\Button.cpp">
      <Filter>Source Files</Filter>
    </ClCompile>
    <ClCompile Include="src\Core\GameInterfaceModule\Button\ButtonFactory.cpp">
      <Filter>Source Files</Filter>
    </ClCompile>
    <ClCompile Include="src\Core\GameInterfaceModule\Image\Image.cpp">
      <Filter>Source Files</Filter>
    </ClCompile>
    <ClCompile Include="src\Core\GameInterfaceModule\Image\ImageFactory.cpp">
      <Filter>Source Files</Filter>
    </ClCompile>
    <ClCompile Include="src\Core\GameInterfaceModule\Navigation\NavigationElement.cpp">
      <Filter>Source Files</Filter>
    </ClCompile>
    <ClCompile Include="src\Core\GameInterfaceModule\Navigation\NavigationService.cpp">
      <Filter>Source Files</Filter>
    </ClCompile>
    <ClCompile Include="src\Core\GameInterfaceModule\Navigation\NavigationTree.cpp">
      <Filter>Source Files</Filter>
    </ClCompile>
    <ClCompile Include="src\Core\GameInterfaceModule\Text\Text.cpp">
      <Filter>Source Files</Filter>
    </ClCompile>
    <ClCompile Include="src\Core\GameInterfaceModule\Text\TextFactory.cpp">
      <Filter>Source Files</Filter>
    </ClCompile>
    <ClCompile Include="src\Core\GameInterfaceModule\Text\TextSettings.cpp">
      <Filter>Source Files</Filter>
    </ClCompile>
    <ClCompile Include="src\Core\InputModule\InputManager.cpp">
      <Filter>Source Files</Filter>
    </ClCompile>
  </ItemGroup>
  <ItemGroup>
    <ClInclude Include="src\Core\DebugModule\DebugModuleInstaller.h">
      <Filter>Header Files</Filter>
    </ClInclude>
    <ClInclude Include="src\Core\DebugModule\FPSCounter.h">
      <Filter>Header Files</Filter>
    </ClInclude>
    <ClInclude Include="src\Core\GameInterfaceModule\FontsProvider.h">
      <Filter>Header Files</Filter>
    </ClInclude>
    <ClInclude Include="src\Core\GameInterfaceModule\GameInterface.h">
      <Filter>Header Files</Filter>
    </ClInclude>
    <ClInclude Include="src\Core\GameInterfaceModule\GameInterfaceModuleInstaller.h">
      <Filter>Header Files</Filter>
    </ClInclude>
    <ClInclude Include="src\Core\GameInterfaceModule\IFocusable.h">
      <Filter>Header Files</Filter>
    </ClInclude>
    <ClInclude Include="src\Core\GameInterfaceModule\IFontsProvider.h">
      <Filter>Header Files</Filter>
    </ClInclude>
    <ClInclude Include="src\Core\GameInterfaceModule\IInteractable.h">
      <Filter>Header Files</Filter>
    </ClInclude>
    <ClInclude Include="src\Core\GameInterfaceModule\UIObject.h">
      <Filter>Header Files</Filter>
    </ClInclude>
    <ClInclude Include="src\Core\ResourceLoadingModule\ITextureContainer.ixx" />
    <ClInclude Include="src\Core\ResourceLoadingModule\TextureContainer.ixx" />
    <ClInclude Include="src\Core\GameInterfaceModule\Button\Button.h">
      <Filter>Header Files</Filter>
    </ClInclude>
    <ClInclude Include="src\Core\GameInterfaceModule\Button\ButtonFactory.h">
      <Filter>Header Files</Filter>
    </ClInclude>
    <ClInclude Include="src\Core\GameInterfaceModule\Button\ButtonSettings.h">
      <Filter>Header Files</Filter>
    </ClInclude>
    <ClInclude Include="src\Core\GameInterfaceModule\Button\IButtonFactory.h">
      <Filter>Header Files</Filter>
    </ClInclude>
    <ClInclude Include="src\Core\GameInterfaceModule\Image\IImageFactory.h">
      <Filter>Header Files</Filter>
    </ClInclude>
    <ClInclude Include="src\Core\GameInterfaceModule\Image\Image.h">
      <Filter>Header Files</Filter>
    </ClInclude>
    <ClInclude Include="src\Core\GameInterfaceModule\Image\ImageFactory.h">
      <Filter>Header Files</Filter>
    </ClInclude>
    <ClInclude Include="src\Core\GameInterfaceModule\Navigation\NavigationElement.h">
      <Filter>Header Files</Filter>
    </ClInclude>
    <ClInclude Include="src\Core\GameInterfaceModule\Navigation\NavigationService.h">
      <Filter>Header Files</Filter>
    </ClInclude>
    <ClInclude Include="src\Core\GameInterfaceModule\Navigation\NavigationTree.h">
      <Filter>Header Files</Filter>
    </ClInclude>
    <ClInclude Include="src\Core\GameInterfaceModule\Text\ITextFactory.h">
      <Filter>Header Files</Filter>
    </ClInclude>
    <ClInclude Include="src\Core\GameInterfaceModule\Text\Text.h">
      <Filter>Header Files</Filter>
    </ClInclude>
    <ClInclude Include="src\Core\GameInterfaceModule\Text\TextFactory.h">
      <Filter>Header Files</Filter>
    </ClInclude>
    <ClInclude Include="src\Core\GameInterfaceModule\Text\TextSettings.h">
      <Filter>Header Files</Filter>
    </ClInclude>
    <ClInclude Include="src\Core\RenderModule\IRenderable.h">
      <Filter>Header Files</Filter>
    </ClInclude>
  </ItemGroup>
</Project>