<?xml version="1.0" encoding="utf-8"?>
<Project ToolsVersion="4.0" xmlns="http://schemas.microsoft.com/developer/msbuild/2003">
  <ItemGroup>
    <Filter Include="Source Files">
      <UniqueIdentifier>{4FC737F1-C7A5-4376-A066-2A32D752A2FF}</UniqueIdentifier>
      <Extensions>cpp;c;cc;cxx;def;odl;idl;hpj;bat;asm;asmx</Extensions>
    </Filter>
    <Filter Include="Header Files">
      <UniqueIdentifier>{93995380-89BD-4b04-88EB-625FBE52EBFB}</UniqueIdentifier>
      <Extensions>h;hh;hpp;hxx;hm;inl;inc;ipp;xsd</Extensions>
    </Filter>
    <Filter Include="Resource Files">
      <UniqueIdentifier>{67DA6AB6-F800-4c08-8B7A-83BB121AAD01}</UniqueIdentifier>
      <Extensions>rc;ico;cur;bmp;dlg;rc2;rct;bin;rgs;gif;jpg;jpeg;jpe;resx;tiff;tif;png;wav;mfcribbon-ms</Extensions>
    </Filter>
  </ItemGroup>
  <ItemGroup>
    <ClCompile Include="src\Game.cpp">
      <Filter>Source Files</Filter>
    </ClCompile>
    <ClCompile Include="src\GameInterfaceModule\GameInterface.cpp">
      <Filter>Source Files</Filter>
    </ClCompile>
    <ClCompile Include="src\MainMenuModule\MainMenuModule.cpp">
      <Filter>Source Files</Filter>
    </ClCompile>
    <ClCompile Include="src\Pong.cpp">
      <Filter>Source Files</Filter>
    </ClCompile>
    <ClCompile Include="src\Core\ObjectsModule\Object.cpp">
      <Filter>Source Files</Filter>
    </ClCompile>
    <ClCompile Include="src\Core\ObjectsModule\ObjectFactory.cpp">
      <Filter>Source Files</Filter>
    </ClCompile>
    <ClCompile Include="src\Core\ObjectsModule\ObjectsContainer.cpp">
      <Filter>Source Files</Filter>
    </ClCompile>
    <ClCompile Include="src\Core\ObjectsModule\ObjectsModuleInstaller.cpp">
      <Filter>Source Files</Filter>
    </ClCompile>
    <ClCompile Include="src\Core\ObjectsModule\TransformableObject.cpp">
      <Filter>Source Files</Filter>
    </ClCompile>
    <ClCompile Include="src\DebugModule\DebugModuleInstaller.cpp">
      <Filter>Source Files</Filter>
    </ClCompile>
    <ClCompile Include="src\DebugModule\FPSCounter.cpp">
      <Filter>Source Files</Filter>
    </ClCompile>
    <ClCompile Include="src\GameInterfaceModule\FontsProvider.cpp">
      <Filter>Source Files</Filter>
    </ClCompile>
    <ClCompile Include="src\GameInterfaceModule\GameInterfaceModuleInstaller.cpp">
      <Filter>Source Files</Filter>
    </ClCompile>
    <ClCompile Include="src\GameInterfaceModule\Text\Text.cpp">
      <Filter>Source Files</Filter>
    </ClCompile>
    <ClCompile Include="src\GameInterfaceModule\Text\TextFactory.cpp">
      <Filter>Source Files</Filter>
    </ClCompile>
    <ClCompile Include="src\GameInterfaceModule\Text\TextSettings.cpp">
      <Filter>Source Files</Filter>
    </ClCompile>
    <ClCompile Include="src\GameInterfaceModule\UIObject.cpp">
      <Filter>Source Files</Filter>
    </ClCompile>
    <ClCompile Include="src\GlobalInstaller.cpp">
      <Filter>Source Files</Filter>
    </ClCompile>
    <ClCompile Include="src\Core\DIContainer\Container.cpp">
      <Filter>Source Files</Filter>
    </ClCompile>
    <ClCompile Include="src\RenderModule\IRenderable.cpp">
      <Filter>Source Files</Filter>
    </ClCompile>
  </ItemGroup>
  <ItemGroup>
    <ClInclude Include="src\Game.h">
      <Filter>Header Files</Filter>
    </ClInclude>
    <ClInclude Include="src\GameInterfaceModule\GameInterface.h">
      <Filter>Header Files</Filter>
    </ClInclude>
    <ClInclude Include="src\MainMenuModule\MainMenuModule.h">
      <Filter>Header Files</Filter>
    </ClInclude>
    <ClInclude Include="src\Core\DIContainer\IInstaller.h">
      <Filter>Header Files</Filter>
    </ClInclude>
    <ClInclude Include="src\Core\ObjectsModule\Object.h">
      <Filter>Header Files</Filter>
    </ClInclude>
    <ClInclude Include="src\Core\ObjectsModule\ObjectFactory.h">
      <Filter>Header Files</Filter>
    </ClInclude>
    <ClInclude Include="src\Core\ObjectsModule\ObjectsContainer.h">
      <Filter>Header Files</Filter>
    </ClInclude>
    <ClInclude Include="src\Core\ObjectsModule\ObjectsModuleInstaller.h">
      <Filter>Header Files</Filter>
    </ClInclude>
    <ClInclude Include="src\Core\ObjectsModule\TransformableObject.h">
      <Filter>Header Files</Filter>
    </ClInclude>
    <ClInclude Include="src\DebugModule\DebugModuleInstaller.h">
      <Filter>Header Files</Filter>
    </ClInclude>
    <ClInclude Include="src\DebugModule\FPSCounter.h">
      <Filter>Header Files</Filter>
    </ClInclude>
    <ClInclude Include="src\GameInterfaceModule\FontsProvider.h">
      <Filter>Header Files</Filter>
    </ClInclude>
    <ClInclude Include="src\GameInterfaceModule\GameInterfaceModuleInstaller.h">
      <Filter>Header Files</Filter>
    </ClInclude>
    <ClInclude Include="src\GameInterfaceModule\IFocusable.h">
      <Filter>Header Files</Filter>
    </ClInclude>
    <ClInclude Include="src\GameInterfaceModule\IFontsProvider.h">
      <Filter>Header Files</Filter>
    </ClInclude>
    <ClInclude Include="src\GameInterfaceModule\IInteractable.h">
      <Filter>Header Files</Filter>
    </ClInclude>
    <ClInclude Include="src\GameInterfaceModule\Text\ITextFactory.h">
      <Filter>Header Files</Filter>
    </ClInclude>
    <ClInclude Include="src\GameInterfaceModule\Text\Text.h">
      <Filter>Header Files</Filter>
    </ClInclude>
    <ClInclude Include="src\GameInterfaceModule\Text\TextFactory.h">
      <Filter>Header Files</Filter>
    </ClInclude>
    <ClInclude Include="src\GameInterfaceModule\Text\TextSettings.h">
      <Filter>Header Files</Filter>
    </ClInclude>
    <ClInclude Include="src\GameInterfaceModule\UIObject.h">
      <Filter>Header Files</Filter>
    </ClInclude>
    <ClInclude Include="src\GlobalInstaller.h">
      <Filter>Header Files</Filter>
    </ClInclude>
    <ClInclude Include="src\Core\DIContainer\Container.h">
      <Filter>Header Files</Filter>
    </ClInclude>
    <ClInclude Include="src\Core\DIContainer\IInitializable.h">
      <Filter>Header Files</Filter>
    </ClInclude>
    <ClInclude Include="src\Core\DIContainer\IUpdatable.h">
      <Filter>Header Files</Filter>
    </ClInclude>
    <ClInclude Include="src\RenderModule\IRenderable.h">
      <Filter>Header Files</Filter>
    </ClInclude>
  </ItemGroup>
</Project>